// !$*UTF8*$!
{
	archiveVersion = 1;
	classes = {
	};
	objectVersion = 77;
	objects = {

/* Begin PBXContainerItemProxy section */
		0F35595D2F0BD1E100A0897D /* PBXContainerItemProxy */ = {
			isa = PBXContainerItemProxy;
			containerPortal = 0F3559442F0BD1DE00A0897D /* Project object */;
			proxyType = 1;
			remoteGlobalIDString = 0F35594B2F0BD1DE00A0897D;
			remoteInfo = w3schools;
		};
		0F3559672F0BD1E100A0897D /* PBXContainerItemProxy */ = {
			isa = PBXContainerItemProxy;
			containerPortal = 0F3559442F0BD1DE00A0897D /* Project object */;
			proxyType = 1;
			remoteGlobalIDString = 0F35594B2F0BD1DE00A0897D;
			remoteInfo = w3schools;
		};
/* End PBXContainerItemProxy section */

/* Begin PBXFileReference section */
		0F35594C2F0BD1DE00A0897D /* w3schools.app */ = {isa = PBXFileReference; explicitFileType = wrapper.application; includeInIndex = 0; path = w3schools.app; sourceTree = BUILT_PRODUCTS_DIR; };
		0F35595C2F0BD1E100A0897D /* w3schoolsTests.xctest */ = {isa = PBXFileReference; explicitFileType = wrapper.cfbundle; includeInIndex = 0; path = w3schoolsTests.xctest; sourceTree = BUILT_PRODUCTS_DIR; };
		0F3559662F0BD1E100A0897D /* w3schoolsUITests.xctest */ = {isa = PBXFileReference; explicitFileType = wrapper.cfbundle; includeInIndex = 0; path = w3schoolsUITests.xctest; sourceTree = BUILT_PRODUCTS_DIR; };
/* End PBXFileReference section */

/* Begin PBXFileSystemSynchronizedRootGroup section */
		0F35594E2F0BD1DE00A0897D /* w3schools */ = {
			isa = PBXFileSystemSynchronizedRootGroup;
			path = w3schools;
			sourceTree = "<group>";
		};
		0F35595F2F0BD1E100A0897D /* w3schoolsTests */ = {
			isa = PBXFileSystemSynchronizedRootGroup;
			path = w3schoolsTests;
			sourceTree = "<group>";
		};
		0F3559692F0BD1E100A0897D /* w3schoolsUITests */ = {
			isa = PBXFileSystemSynchronizedRootGroup;
			path = w3schoolsUITests;
			sourceTree = "<group>";
		};
/* End PBXFileSystemSynchronizedRootGroup section */

/* Begin PBXFrameworksBuildPhase section */
		0F3559492F0BD1DE00A0897D /* Frameworks */ = {
			isa = PBXFrameworksBuildPhase;
			buildActionMask = 2147483647;
			files = (
			);
			runOnlyForDeploymentPostprocessing = 0;
		};
		0F3559592F0BD1E100A0897D /* Frameworks */ = {
			isa = PBXFrameworksBuildPhase;
			buildActionMask = 2147483647;
			files = (
			);
			runOnlyForDeploymentPostprocessing = 0;
		};
		0F3559632F0BD1E100A0897D /* Frameworks */ = {
			isa = PBXFrameworksBuildPhase;
			buildActionMask = 2147483647;
			files = (
			);
			runOnlyForDeploymentPostprocessing = 0;
		};
/* End PBXFrameworksBuildPhase section */

/* Begin PBXGroup section */
		0F3559432F0BD1DE00A0897D = {
			isa = PBXGroup;
			children = (
				0F35594E2F0BD1DE00A0897D /* w3schools */,
				0F35595F2F0BD1E100A0897D /* w3schoolsTests */,
				0F3559692F0BD1E100A0897D /* w3schoolsUITests */,
				0F35594D2F0BD1DE00A0897D /* Products */,
			);
			sourceTree = "<group>";
		};
		0F35594D2F0BD1DE00A0897D /* Products */ = {
			isa = PBXGroup;
			children = (
				0F35594C2F0BD1DE00A0897D /* w3schools.app */,
				0F35595C2F0BD1E100A0897D /* w3schoolsTests.xctest */,
				0F3559662F0BD1E100A0897D /* w3schoolsUITests.xctest */,
			);
			name = Products;
			sourceTree = "<group>";
		};
/* End PBXGroup section */

/* Begin PBXNativeTarget section */
		0F35594B2F0BD1DE00A0897D /* w3schools */ = {
			isa = PBXNativeTarget;
			buildConfigurationList = 0F3559702F0BD1E100A0897D /* Build configuration list for PBXNativeTarget "w3schools" */;
			buildPhases = (
				0F3559482F0BD1DE00A0897D /* Sources */,
				0F3559492F0BD1DE00A0897D /* Frameworks */,
				0F35594A2F0BD1DE00A0897D /* Resources */,
			);
			buildRules = (
			);
			dependencies = (
			);
			fileSystemSynchronizedGroups = (
				0F35594E2F0BD1DE00A0897D /* w3schools */,
			);
			name = w3schools;
			packageProductDependencies = (
			);
			productName = w3schools;
			productReference = 0F35594C2F0BD1DE00A0897D /* w3schools.app */;
			productType = "com.apple.product-type.application";
		};
		0F35595B2F0BD1E100A0897D /* w3schoolsTests */ = {
			isa = PBXNativeTarget;
			buildConfigurationList = 0F3559732F0BD1E100A0897D /* Build configuration list for PBXNativeTarget "w3schoolsTests" */;
			buildPhases = (
				0F3559582F0BD1E100A0897D /* Sources */,
				0F3559592F0BD1E100A0897D /* Frameworks */,
				0F35595A2F0BD1E100A0897D /* Resources */,
			);
			buildRules = (
			);
			dependencies = (
				0F35595E2F0BD1E100A0897D /* PBXTargetDependency */,
			);
			fileSystemSynchronizedGroups = (
				0F35595F2F0BD1E100A0897D /* w3schoolsTests */,
			);
			name = w3schoolsTests;
			packageProductDependencies = (
			);
			productName = w3schoolsTests;
			productReference = 0F35595C2F0BD1E100A0897D /* w3schoolsTests.xctest */;
			productType = "com.apple.product-type.bundle.unit-test";
		};
		0F3559652F0BD1E100A0897D /* w3schoolsUITests */ = {
			isa = PBXNativeTarget;
			buildConfigurationList = 0F3559762F0BD1E100A0897D /* Build configuration list for PBXNativeTarget "w3schoolsUITests" */;
			buildPhases = (
				0F3559622F0BD1E100A0897D /* Sources */,
				0F3559632F0BD1E100A0897D /* Frameworks */,
				0F3559642F0BD1E100A0897D /* Resources */,
			);
			buildRules = (
			);
			dependencies = (
				0F3559682F0BD1E100A0897D /* PBXTargetDependency */,
			);
			fileSystemSynchronizedGroups = (
				0F3559692F0BD1E100A0897D /* w3schoolsUITests */,
			);
			name = w3schoolsUITests;
			packageProductDependencies = (
			);
			productName = w3schoolsUITests;
			productReference = 0F3559662F0BD1E100A0897D /* w3schoolsUITests.xctest */;
			productType = "com.apple.product-type.bundle.ui-testing";
		};
/* End PBXNativeTarget section */

/* Begin PBXProject section */
		0F3559442F0BD1DE00A0897D /* Project object */ = {
			isa = PBXProject;
			attributes = {
				BuildIndependentTargetsInParallel = 1;
				LastSwiftUpdateCheck = 1620;
				LastUpgradeCheck = 1620;
				TargetAttributes = {
					0F35594B2F0BD1DE00A0897D = {
						CreatedOnToolsVersion = 16.2;
					};
					0F35595B2F0BD1E100A0897D = {
						CreatedOnToolsVersion = 16.2;
						TestTargetID = 0F35594B2F0BD1DE00A0897D;
					};
					0F3559652F0BD1E100A0897D = {
						CreatedOnToolsVersion = 16.2;
						TestTargetID = 0F35594B2F0BD1DE00A0897D;
					};
				};
			};
			buildConfigurationList = 0F3559472F0BD1DE00A0897D /* Build configuration list for PBXProject "w3schools" */;
			developmentRegion = en;
			hasScannedForEncodings = 0;
			knownRegions = (
				en,
				Base,
			);
			mainGroup = 0F3559432F0BD1DE00A0897D;
			minimizedProjectReferenceProxies = 1;
			preferredProjectObjectVersion = 77;
			productRefGroup = 0F35594D2F0BD1DE00A0897D /* Products */;
			projectDirPath = "";
			projectRoot = "";
			targets = (
				0F35594B2F0BD1DE00A0897D /* w3schools */,
				0F35595B2F0BD1E100A0897D /* w3schoolsTests */,
				0F3559652F0BD1E100A0897D /* w3schoolsUITests */,
			);
		};
/* End PBXProject section */

/* Begin PBXResourcesBuildPhase section */
		0F35594A2F0BD1DE00A0897D /* Resources */ = {
			isa = PBXResourcesBuildPhase;
			buildActionMask = 2147483647;
			files = (
			);
			runOnlyForDeploymentPostprocessing = 0;
		};
		0F35595A2F0BD1E100A0897D /* Resources */ = {
			isa = PBXResourcesBuildPhase;
			buildActionMask = 2147483647;
			files = (
			);
			runOnlyForDeploymentPostprocessing = 0;
		};
		0F3559642F0BD1E100A0897D /* Resources */ = {
			isa = PBXResourcesBuildPhase;
			buildActionMask = 2147483647;
			files = (
			);
			runOnlyForDeploymentPostprocessing = 0;
		};
/* End PBXResourcesBuildPhase section */

/* Begin PBXSourcesBuildPhase section */
		0F3559482F0BD1DE00A0897D /* Sources */ = {
			isa = PBXSourcesBuildPhase;
			buildActionMask = 2147483647;
			files = (
			);
			runOnlyForDeploymentPostprocessing = 0;
		};
		0F3559582F0BD1E100A0897D /* Sources */ = {
			isa = PBXSourcesBuildPhase;
			buildActionMask = 2147483647;
			files = (
			);
			runOnlyForDeploymentPostprocessing = 0;
		};
		0F3559622F0BD1E100A0897D /* Sources */ = {
			isa = PBXSourcesBuildPhase;
			buildActionMask = 2147483647;
			files = (
			);
			runOnlyForDeploymentPostprocessing = 0;
		};
/* End PBXSourcesBuildPhase section */

/* Begin PBXTargetDependency section */
		0F35595E2F0BD1E100A0897D /* PBXTargetDependency */ = {
			isa = PBXTargetDependency;
			target = 0F35594B2F0BD1DE00A0897D /* w3schools */;
			targetProxy = 0F35595D2F0BD1E100A0897D /* PBXContainerItemProxy */;
		};
		0F3559682F0BD1E100A0897D /* PBXTargetDependency */ = {
			isa = PBXTargetDependency;
			target = 0F35594B2F0BD1DE00A0897D /* w3schools */;
			targetProxy = 0F3559672F0BD1E100A0897D /* PBXContainerItemProxy */;
		};
/* End PBXTargetDependency section */

/* Begin XCBuildConfiguration section */
		0F35596E2F0BD1E100A0897D /* Debug */ = {
			isa = XCBuildConfiguration;
			buildSettings = {
				ALWAYS_SEARCH_USER_PATHS = NO;
				ASSETCATALOG_COMPILER_GENERATE_SWIFT_ASSET_SYMBOL_EXTENSIONS = YES;
				CLANG_ANALYZER_NONNULL = YES;
				CLANG_ANALYZER_NUMBER_OBJECT_CONVERSION = YES_AGGRESSIVE;
				CLANG_CXX_LANGUAGE_STANDARD = "gnu++20";
				CLANG_ENABLE_MODULES = YES;
				CLANG_ENABLE_OBJC_ARC = YES;
				CLANG_ENABLE_OBJC_WEAK = YES;
				CLANG_WARN_BLOCK_CAPTURE_AUTORELEASING = YES;
				CLANG_WARN_BOOL_CONVERSION = YES;
				CLANG_WARN_COMMA = YES;
				CLANG_WARN_CONSTANT_CONVERSION = YES;
				CLANG_WARN_DEPRECATED_OBJC_IMPLEMENTATIONS = YES;
				CLANG_WARN_DIRECT_OBJC_ISA_USAGE = YES_ERROR;
				CLANG_WARN_DOCUMENTATION_COMMENTS = YES;
				CLANG_WARN_EMPTY_BODY = YES;
				CLANG_WARN_ENUM_CONVERSION = YES;
				CLANG_WARN_INFINITE_RECURSION = YES;
				CLANG_WARN_INT_CONVERSION = YES;
				CLANG_WARN_NON_LITERAL_NULL_CONVERSION = YES;
				CLANG_WARN_OBJC_IMPLICIT_RETAIN_SELF = YES;
				CLANG_WARN_OBJC_LITERAL_CONVERSION = YES;
				CLANG_WARN_OBJC_ROOT_CLASS = YES_ERROR;
				CLANG_WARN_QUOTED_INCLUDE_IN_FRAMEWORK_HEADER = YES;
				CLANG_WARN_RANGE_LOOP_ANALYSIS = YES;
				CLANG_WARN_STRICT_PROTOTYPES = YES;
				CLANG_WARN_SUSPICIOUS_MOVE = YES;
				CLANG_WARN_UNGUARDED_AVAILABILITY = YES_AGGRESSIVE;
				CLANG_WARN_UNREACHABLE_CODE = YES;
				CLANG_WARN__DUPLICATE_METHOD_MATCH = YES;
				COPY_PHASE_STRIP = NO;
				DEBUG_INFORMATION_FORMAT = dwarf;
				ENABLE_STRICT_OBJC_MSGSEND = YES;
				ENABLE_TESTABILITY = YES;
				ENABLE_USER_SCRIPT_SANDBOXING = YES;
				GCC_C_LANGUAGE_STANDARD = gnu17;
				GCC_DYNAMIC_NO_PIC = NO;
				GCC_NO_COMMON_BLOCKS = YES;
				GCC_OPTIMIZATION_LEVEL = 0;
				GCC_PREPROCESSOR_DEFINITIONS = (
					"DEBUG=1",
					"$(inherited)",
				);
				GCC_WARN_64_TO_32_BIT_CONVERSION = YES;
				GCC_WARN_ABOUT_RETURN_TYPE = YES_ERROR;
				GCC_WARN_UNDECLARED_SELECTOR = YES;
				GCC_WARN_UNINITIALIZED_AUTOS = YES_AGGRESSIVE;
				GCC_WARN_UNUSED_FUNCTION = YES;
				GCC_WARN_UNUSED_VARIABLE = YES;
				IPHONEOS_DEPLOYMENT_TARGET = 18.2;
				LOCALIZATION_PREFERS_STRING_CATALOGS = YES;
				MTL_ENABLE_DEBUG_INFO = INCLUDE_SOURCE;
				MTL_FAST_MATH = YES;
				ONLY_ACTIVE_ARCH = YES;
				SDKROOT = iphoneos;
				SWIFT_ACTIVE_COMPILATION_CONDITIONS = "DEBUG $(inherited)";
				SWIFT_OPTIMIZATION_LEVEL = "-Onone";
			};
			name = Debug;
		};
		0F35596F2F0BD1E100A0897D /* Release */ = {
			isa = XCBuildConfiguration;
			buildSettings = {
				ALWAYS_SEARCH_USER_PATHS = NO;
				ASSETCATALOG_COMPILER_GENERATE_SWIFT_ASSET_SYMBOL_EXTENSIONS = YES;
				CLANG_ANALYZER_NONNULL = YES;
				CLANG_ANALYZER_NUMBER_OBJECT_CONVERSION = YES_AGGRESSIVE;
				CLANG_CXX_LANGUAGE_STANDARD = "gnu++20";
				CLANG_ENABLE_MODULES = YES;
				CLANG_ENABLE_OBJC_ARC = YES;
				CLANG_ENABLE_OBJC_WEAK = YES;
				CLANG_WARN_BLOCK_CAPTURE_AUTORELEASING = YES;
				CLANG_WARN_BOOL_CONVERSION = YES;
				CLANG_WARN_COMMA = YES;
				CLANG_WARN_CONSTANT_CONVERSION = YES;
				CLANG_WARN_DEPRECATED_OBJC_IMPLEMENTATIONS = YES;
				CLANG_WARN_DIRECT_OBJC_ISA_USAGE = YES_ERROR;
				CLANG_WARN_DOCUMENTATION_COMMENTS = YES;
				CLANG_WARN_EMPTY_BODY = YES;
				CLANG_WARN_ENUM_CONVERSION = YES;
				CLANG_WARN_INFINITE_RECURSION = YES;
				CLANG_WARN_INT_CONVERSION = YES;
				CLANG_WARN_NON_LITERAL_NULL_CONVERSION = YES;
				CLANG_WARN_OBJC_IMPLICIT_RETAIN_SELF = YES;
				CLANG_WARN_OBJC_LITERAL_CONVERSION = YES;
				CLANG_WARN_OBJC_ROOT_CLASS = YES_ERROR;
				CLANG_WARN_QUOTED_INCLUDE_IN_FRAMEWORK_HEADER = YES;
				CLANG_WARN_RANGE_LOOP_ANALYSIS = YES;
				CLANG_WARN_STRICT_PROTOTYPES = YES;
				CLANG_WARN_SUSPICIOUS_MOVE = YES;
				CLANG_WARN_UNGUARDED_AVAILABILITY = YES_AGGRESSIVE;
				CLANG_WARN_UNREACHABLE_CODE = YES;
				CLANG_WARN__DUPLICATE_METHOD_MATCH = YES;
				COPY_PHASE_STRIP = NO;
				DEBUG_INFORMATION_FORMAT = "dwarf-with-dsym";
				ENABLE_NS_ASSERTIONS = NO;
				ENABLE_STRICT_OBJC_MSGSEND = YES;
				ENABLE_USER_SCRIPT_SANDBOXING = YES;
				GCC_C_LANGUAGE_STANDARD = gnu17;
				GCC_NO_COMMON_BLOCKS = YES;
				GCC_WARN_64_TO_32_BIT_CONVERSION = YES;
				GCC_WARN_ABOUT_RETURN_TYPE = YES_ERROR;
				GCC_WARN_UNDECLARED_SELECTOR = YES;
				GCC_WARN_UNINITIALIZED_AUTOS = YES_AGGRESSIVE;
				GCC_WARN_UNUSED_FUNCTION = YES;
				GCC_WARN_UNUSED_VARIABLE = YES;
				IPHONEOS_DEPLOYMENT_TARGET = 18.2;
				LOCALIZATION_PREFERS_STRING_CATALOGS = YES;
				MTL_ENABLE_DEBUG_INFO = NO;
				MTL_FAST_MATH = YES;
				SDKROOT = iphoneos;
				SWIFT_COMPILATION_MODE = wholemodule;
				VALIDATE_PRODUCT = YES;
			};
			name = Release;
		};
		0F3559712F0BD1E100A0897D /* Debug */ = {
			isa = XCBuildConfiguration;
			buildSettings = {
				ASSETCATALOG_COMPILER_APPICON_NAME = AppIcon;
				ASSETCATALOG_COMPILER_GLOBAL_ACCENT_COLOR_NAME = AccentColor;
				CODE_SIGN_STYLE = Automatic;
				CURRENT_PROJECT_VERSION = 1;
				DEVELOPMENT_ASSET_PATHS = "\"w3schools/Preview Content\"";
				DEVELOPMENT_TEAM = 85N667CY29;
				ENABLE_PREVIEWS = YES;
				GENERATE_INFOPLIST_FILE = YES;
				INFOPLIST_KEY_UIApplicationSceneManifest_Generation = YES;
				INFOPLIST_KEY_UIApplicationSupportsIndirectInputEvents = YES;
				INFOPLIST_KEY_UILaunchScreen_Generation = YES;
				INFOPLIST_KEY_UISupportedInterfaceOrientations_iPad = "UIInterfaceOrientationPortrait UIInterfaceOrientationPortraitUpsideDown UIInterfaceOrientationLandscapeLeft UIInterfaceOrientationLandscapeRight";
				INFOPLIST_KEY_UISupportedInterfaceOrientations_iPhone = "UIInterfaceOrientationPortrait UIInterfaceOrientationLandscapeLeft UIInterfaceOrientationLandscapeRight";
				LD_RUNPATH_SEARCH_PATHS = (
					"$(inherited)",
					"@executable_path/Frameworks",
				);
				MARKETING_VERSION = 1.0;
				PRODUCT_BUNDLE_IDENTIFIER = awais.w3schools;
				PRODUCT_NAME = "$(TARGET_NAME)";
				SWIFT_EMIT_LOC_STRINGS = YES;
				SWIFT_VERSION = 5.0;
				TARGETED_DEVICE_FAMILY = "1,2";
			};
			name = Debug;
		};
		0F3559722F0BD1E100A0897D /* Release */ = {
			isa = XCBuildConfiguration;
			buildSettings = {
				ASSETCATALOG_COMPILER_APPICON_NAME = AppIcon;
				ASSETCATALOG_COMPILER_GLOBAL_ACCENT_COLOR_NAME = AccentColor;
				CODE_SIGN_STYLE = Automatic;
				CURRENT_PROJECT_VERSION = 1;
				DEVELOPMENT_ASSET_PATHS = "\"w3schools/Preview Content\"";
				DEVELOPMENT_TEAM = 85N667CY29;
				ENABLE_PREVIEWS = YES;
				GENERATE_INFOPLIST_FILE = YES;
				INFOPLIST_KEY_UIApplicationSceneManifest_Generation = YES;
				INFOPLIST_KEY_UIApplicationSupportsIndirectInputEvents = YES;
				INFOPLIST_KEY_UILaunchScreen_Generation = YES;
				INFOPLIST_KEY_UISupportedInterfaceOrientations_iPad = "UIInterfaceOrientationPortrait UIInterfaceOrientationPortraitUpsideDown UIInterfaceOrientationLandscapeLeft UIInterfaceOrientationLandscapeRight";
				INFOPLIST_KEY_UISupportedInterfaceOrientations_iPhone = "UIInterfaceOrientationPortrait UIInterfaceOrientationLandscapeLeft UIInterfaceOrientationLandscapeRight";
				LD_RUNPATH_SEARCH_PATHS = (
					"$(inherited)",
					"@executable_path/Frameworks",
				);
				MARKETING_VERSION = 1.0;
				PRODUCT_BUNDLE_IDENTIFIER = awais.w3schools;
				PRODUCT_NAME = "$(TARGET_NAME)";
				SWIFT_EMIT_LOC_STRINGS = YES;
				SWIFT_VERSION = 5.0;
				TARGETED_DEVICE_FAMILY = "1,2";
			};
			name = Release;
		};
		0F3559742F0BD1E100A0897D /* Debug */ = {
			isa = XCBuildConfiguration;
			buildSettings = {
				BUNDLE_LOADER = "$(TEST_HOST)";
				CODE_SIGN_STYLE = Automatic;
				CURRENT_PROJECT_VERSION = 1;
				GENERATE_INFOPLIST_FILE = YES;
				IPHONEOS_DEPLOYMENT_TARGET = 18.2;
				MARKETING_VERSION = 1.0;
				PRODUCT_BUNDLE_IDENTIFIER = awais.w3schoolsTests;
				PRODUCT_NAME = "$(TARGET_NAME)";
				SWIFT_EMIT_LOC_STRINGS = NO;
				SWIFT_VERSION = 5.0;
				TARGETED_DEVICE_FAMILY = "1,2";
				TEST_HOST = "$(BUILT_PRODUCTS_DIR)/w3schools.app/$(BUNDLE_EXECUTABLE_FOLDER_PATH)/w3schools";
			};
			name = Debug;
		};
		0F3559752F0BD1E100A0897D /* Release */ = {
			isa = XCBuildConfiguration;
			buildSettings = {
				BUNDLE_LOADER = "$(TEST_HOST)";
				CODE_SIGN_STYLE = Automatic;
				CURRENT_PROJECT_VERSION = 1;
				GENERATE_INFOPLIST_FILE = YES;
				IPHONEOS_DEPLOYMENT_TARGET = 18.2;
				MARKETING_VERSION = 1.0;
				PRODUCT_BUNDLE_IDENTIFIER = awais.w3schoolsTests;
				PRODUCT_NAME = "$(TARGET_NAME)";
				SWIFT_EMIT_LOC_STRINGS = NO;
				SWIFT_VERSION = 5.0;
				TARGETED_DEVICE_FAMILY = "1,2";
				TEST_HOST = "$(BUILT_PRODUCTS_DIR)/w3schools.app/$(BUNDLE_EXECUTABLE_FOLDER_PATH)/w3schools";
			};
			name = Release;
		};
		0F3559772F0BD1E100A0897D /* Debug */ = {
			isa = XCBuildConfiguration;
			buildSettings = {
				CODE_SIGN_STYLE = Automatic;
				CURRENT_PROJECT_VERSION = 1;
				GENERATE_INFOPLIST_FILE = YES;
				MARKETING_VERSION = 1.0;
				PRODUCT_BUNDLE_IDENTIFIER = awais.w3schoolsUITests;
				PRODUCT_NAME = "$(TARGET_NAME)";
				SWIFT_EMIT_LOC_STRINGS = NO;
				SWIFT_VERSION = 5.0;
				TARGETED_DEVICE_FAMILY = "1,2";
				TEST_TARGET_NAME = w3schools;
			};
			name = Debug;
		};
		0F3559782F0BD1E100A0897D /* Release */ = {
			isa = XCBuildConfiguration;
			buildSettings = {
				CODE_SIGN_STYLE = Automatic;
				CURRENT_PROJECT_VERSION = 1;
				GENERATE_INFOPLIST_FILE = YES;
				MARKETING_VERSION = 1.0;
				PRODUCT_BUNDLE_IDENTIFIER = awais.w3schoolsUITests;
				PRODUCT_NAME = "$(TARGET_NAME)";
				SWIFT_EMIT_LOC_STRINGS = NO;
				SWIFT_VERSION = 5.0;
				TARGETED_DEVICE_FAMILY = "1,2";
				TEST_TARGET_NAME = w3schools;
			};
			name = Release;
		};
/* End XCBuildConfiguration section */

/* Begin XCConfigurationList section */
		0F3559472F0BD1DE00A0897D /* Build configuration list for PBXProject "w3schools" */ = {
			isa = XCConfigurationList;
			buildConfigurations = (
				0F35596E2F0BD1E100A0897D /* Debug */,
				0F35596F2F0BD1E100A0897D /* Release */,
			);
			defaultConfigurationIsVisible = 0;
			defaultConfigurationName = Release;
		};
		0F3559702F0BD1E100A0897D /* Build configuration list for PBXNativeTarget "w3schools" */ = {
			isa = XCConfigurationList;
			buildConfigurations = (
				0F3559712F0BD1E100A0897D /* Debug */,
				0F3559722F0BD1E100A0897D /* Release */,
			);
			defaultConfigurationIsVisible = 0;
			defaultConfigurationName = Release;
		};
		0F3559732F0BD1E100A0897D /* Build configuration list for PBXNativeTarget "w3schoolsTests" */ = {
			isa = XCConfigurationList;
			buildConfigurations = (
				0F3559742F0BD1E100A0897D /* Debug */,
				0F3559752F0BD1E100A0897D /* Release */,
			);
			defaultConfigurationIsVisible = 0;
			defaultConfigurationName = Release;
		};
		0F3559762F0BD1E100A0897D /* Build configuration list for PBXNativeTarget "w3schoolsUITests" */ = {
			isa = XCConfigurationList;
			buildConfigurations = (
				0F3559772F0BD1E100A0897D /* Debug */,
				0F3559782F0BD1E100A0897D /* Release */,
			);
			defaultConfigurationIsVisible = 0;
			defaultConfigurationName = Release;
		};
/* End XCConfigurationList section */
	};
	rootObject = 0F3559442F0BD1DE00A0897D /* Project object */;
}
